<?xml version="1.0" encoding="utf-8"?>
<Project ToolsVersion="4.0" xmlns="http://schemas.microsoft.com/developer/msbuild/2003">
  <ItemGroup>
    <Filter Include="Source Files">
      <UniqueIdentifier>{4FC737F1-C7A5-4376-A066-2A32D752A2FF}</UniqueIdentifier>
      <Extensions>qml;cpp;c;cc;cxx;def;odl;idl;hpj;bat;asm;asmx</Extensions>
    </Filter>
    <Filter Include="Source Files\Core">
      <UniqueIdentifier>{8D3B6E52-1C4A-4F27-9E05-7A6C2B9D3E14}</UniqueIdentifier>
    </Filter>
    <Filter Include="Source Files\Models">
      <UniqueIdentifier>{E7A41C3D-58B2-4F96-A0D8-1B6C9E2F7A53}</UniqueIdentifier>
    </Filter>
    <Filter Include="Source Files\Previews">
      <UniqueIdentifier>{A3D5F172-0B8E-4C69-9E14-5F2B7C8D0A61}</UniqueIdentifier>
    </Filter>
    <Filter Include="Source Files\Windows">
      <UniqueIdentifier>{5A0C7E21-6F3B-4D7E-9C1A-3B8E2D4F6A01}</UniqueIdentifier>
    </Filter>
    <Filter Include="Dependencies">
      <UniqueIdentifier>{C1E47A90-3B5D-4E68-A2F1-6D9B8C0E7F35}</UniqueIdentifier>
    </Filter>
    <Filter Include="Dependencies\bcdec">
      <UniqueIdentifier>{7C2E9B41-D5A3-4F08-8B6E-0E3F1A9C5D27}</UniqueIdentifier>
    </Filter>
    <Filter Include="Dependencies\lz4">
      <UniqueIdentifier>{2F6A9D13-7E84-4B0C-B5D2-9A1E3C7F4B68}</UniqueIdentifier>
    </Filter>
    <Filter Include="Form Files">
      <UniqueIdentifier>{99349809-55BA-4b9d-BF79-8FDBB0286EB3}</UniqueIdentifier>
      <Extensions>ui</Extensions>
    </Filter>
  </ItemGroup>
  <ItemGroup>
    <ClCompile Include="main.cpp">
      <Filter>Source Files</Filter>
    </ClCompile>
    <ClCompile Include="Theme.cpp">
      <Filter>Source Files</Filter>
    </ClCompile>
    <ClCompile Include="Core\VpArchive.cpp">
      <Filter>Source Files\Core</Filter>
    </ClCompile>
    <ClCompile Include="Models\FileListModel.cpp">
      <Filter>Source Files\Models</Filter>
    </ClCompile>
    <ClCompile Include="Models\FolderTreeModel.cpp">
      <Filter>Source Files\Models</Filter>
    </ClCompile>
    <ClCompile Include="Previews\AnimationDecoders.cpp">
      <Filter>Source Files\Previews</Filter>
    </ClCompile>
    <ClCompile Include="Previews\ImageDecoders.cpp">
      <Filter>Source Files\Previews</Filter>
    </ClCompile>
    <ClCompile Include="Previews\PreviewLoader.cpp">
      <Filter>Source Files\Previews</Filter>
    </ClCompile>
    <ClCompile Include="Previews\PreviewWidget.cpp">
      <Filter>Source Files\Previews</Filter>
    </ClCompile>
    <ClCompile Include="Windows\PreviewWindow.cpp">
      <Filter>Source Files\Windows</Filter>
    </ClCompile>
    <ClCompile Include="Windows\MainWindow.cpp">
      <Filter>Source Files\Windows</Filter>
    </ClCompile>
    <ClCompile Include="Windows\OptionsDialog.cpp">
      <Filter>Source Files\Windows</Filter>
    </ClCompile>
    <ClCompile Include="Dependencies\lz4\lz4.c">
      <Filter>Dependencies\lz4</Filter>
    </ClCompile>
  </ItemGroup>
  <ItemGroup>
    <ClInclude Include="Theme.h">
      <Filter>Source Files</Filter>
    </ClInclude>
    <ClInclude Include="Core\VpArchive.h">
      <Filter>Source Files\Core</Filter>
    </ClInclude>
    <ClInclude Include="Previews\AnimationDecoders.h">
      <Filter>Source Files\Previews</Filter>
    </ClInclude>
    <ClInclude Include="Previews\ImageDecoders.h">
      <Filter>Source Files\Previews</Filter>
    </ClInclude>
    <ClInclude Include="Previews\PreviewContent.h">
      <Filter>Source Files\Previews</Filter>
    </ClInclude>
    <ClInclude Include="Previews\PreviewLoader.h">
      <Filter>Source Files\Previews</Filter>
    </ClInclude>
    <ClInclude Include="Dependencies\bcdec\bcdec.h">
      <Filter>Dependencies\bcdec</Filter>
    </ClInclude>
    <ClInclude Include="Dependencies\lz4\lz4.h">
      <Filter>Dependencies\lz4</Filter>
    </ClInclude>
  </ItemGroup>
  <ItemGroup>
    <QtMoc Include="Models\FileListModel.h">
      <Filter>Source Files\Models</Filter>
    </QtMoc>
    <QtMoc Include="Models\FolderTreeModel.h">
      <Filter>Source Files\Models</Filter>
    </QtMoc>
    <QtMoc Include="Previews\PreviewWidget.h">
      <Filter>Source Files\Previews</Filter>
    </QtMoc>
    <QtMoc Include="Windows\PreviewWindow.h">
      <Filter>Source Files\Windows</Filter>
    </QtMoc>
    <QtMoc Include="Windows\MainWindow.h">
      <Filter>Source Files\Windows</Filter>
    </QtMoc>
    <QtMoc Include="Windows\OptionsDialog.h">
      <Filter>Source Files\Windows</Filter>
    </QtMoc>
  </ItemGroup>
  <ItemGroup>
    <QtUic Include="Forms\MainWindow.ui">
      <Filter>Form Files</Filter>
    </QtUic>
    <QtUic Include="Forms\OptionsDialog.ui">
      <Filter>Form Files</Filter>
    </QtUic>
  </ItemGroup>
</Project>
